// !$*UTF8*$!
{
	archiveVersion = 1;
	classes = {
	};
	objectVersion = 46;
	objects = {

/* Begin PBXBuildFile section */
		6384CE781CDC6676009D88DB /* main.m in Sources */ = {isa = PBXBuildFile; fileRef = 6384CE771CDC6676009D88DB /* main.m */; };
		6384CE811CDC6676009D88DB /* Main.storyboard in Resources */ = {isa = PBXBuildFile; fileRef = 6384CE7F1CDC6676009D88DB /* Main.storyboard */; };
		6384CE831CDC6676009D88DB /* Assets.xcassets in Resources */ = {isa = PBXBuildFile; fileRef = 6384CE821CDC6676009D88DB /* Assets.xcassets */; };
		63BBDB971CDD5D3600EBE06F /* GRPCClientTests.m in Sources */ = {isa = PBXBuildFile; fileRef = 63BBDB961CDD5D3600EBE06F /* GRPCClientTests.m */; };
		63BBDB9E1CDD5DB000EBE06F /* InteropTests.m in Sources */ = {isa = PBXBuildFile; fileRef = 63BBDB991CDD5DB000EBE06F /* InteropTests.m */; };
		63BBDB9F1CDD5DB000EBE06F /* InteropTestsLocalCleartext.m in Sources */ = {isa = PBXBuildFile; fileRef = 63BBDB9A1CDD5DB000EBE06F /* InteropTestsLocalCleartext.m */; };
		63BBDBA01CDD5DB000EBE06F /* InteropTestsLocalSSL.m in Sources */ = {isa = PBXBuildFile; fileRef = 63BBDB9B1CDD5DB000EBE06F /* InteropTestsLocalSSL.m */; };
		63BBDBA11CDD5DB000EBE06F /* InteropTestsRemote.m in Sources */ = {isa = PBXBuildFile; fileRef = 63BBDB9C1CDD5DB000EBE06F /* InteropTestsRemote.m */; };
		63BBDBA21CDD5DB000EBE06F /* RxLibraryUnitTests.m in Sources */ = {isa = PBXBuildFile; fileRef = 63BBDB9D1CDD5DB000EBE06F /* RxLibraryUnitTests.m */; };
		63BBDBA41CDD5DF400EBE06F /* TestCertificates.bundle in Resources */ = {isa = PBXBuildFile; fileRef = 63BBDBA31CDD5DF400EBE06F /* TestCertificates.bundle */; };
/* End PBXBuildFile section */

/* Begin PBXContainerItemProxy section */
		6384CE8D1CDC6676009D88DB /* PBXContainerItemProxy */ = {
			isa = PBXContainerItemProxy;
			containerPortal = 6384CE6B1CDC6675009D88DB /* Project object */;
			proxyType = 1;
			remoteGlobalIDString = 6384CE721CDC6676009D88DB;
			remoteInfo = Tests;
		};
		639CF6001CDD735400E64122 /* PBXContainerItemProxy */ = {
			isa = PBXContainerItemProxy;
			containerPortal = 6384CE6B1CDC6675009D88DB /* Project object */;
			proxyType = 1;
			remoteGlobalIDString = 6384CE721CDC6676009D88DB;
			remoteInfo = App;
		};
/* End PBXContainerItemProxy section */

/* Begin PBXFileReference section */
		6384CE731CDC6676009D88DB /* App.app */ = {isa = PBXFileReference; explicitFileType = wrapper.application; includeInIndex = 0; path = App.app; sourceTree = BUILT_PRODUCTS_DIR; };
		6384CE771CDC6676009D88DB /* main.m */ = {isa = PBXFileReference; lastKnownFileType = sourcecode.c.objc; path = main.m; sourceTree = "<group>"; };
		6384CE801CDC6676009D88DB /* Base */ = {isa = PBXFileReference; lastKnownFileType = file.storyboard; name = Base; path = Base.lproj/Main.storyboard; sourceTree = "<group>"; };
		6384CE821CDC6676009D88DB /* Assets.xcassets */ = {isa = PBXFileReference; lastKnownFileType = folder.assetcatalog; path = Assets.xcassets; sourceTree = "<group>"; };
		6384CE871CDC6676009D88DB /* AppInfo.plist */ = {isa = PBXFileReference; lastKnownFileType = text.plist.xml; path = AppInfo.plist; sourceTree = "<group>"; };
		6384CE8C1CDC6676009D88DB /* AllTests.xctest */ = {isa = PBXFileReference; explicitFileType = wrapper.cfbundle; includeInIndex = 0; path = AllTests.xctest; sourceTree = BUILT_PRODUCTS_DIR; };
		6384CE921CDC6676009D88DB /* TestsInfo.plist */ = {isa = PBXFileReference; lastKnownFileType = text.plist; name = TestsInfo.plist; path = Tests/TestsInfo.plist; sourceTree = "<group>"; };
		639CF5FB1CDD735400E64122 /* SelfContainedTests.xctest */ = {isa = PBXFileReference; explicitFileType = wrapper.cfbundle; includeInIndex = 0; path = SelfContainedTests.xctest; sourceTree = BUILT_PRODUCTS_DIR; };
		63BBDB961CDD5D3600EBE06F /* GRPCClientTests.m */ = {isa = PBXFileReference; fileEncoding = 4; lastKnownFileType = sourcecode.c.objc; path = GRPCClientTests.m; sourceTree = SOURCE_ROOT; };
		63BBDB981CDD5DB000EBE06F /* InteropTests.h */ = {isa = PBXFileReference; fileEncoding = 4; lastKnownFileType = sourcecode.c.h; path = InteropTests.h; sourceTree = SOURCE_ROOT; };
		63BBDB991CDD5DB000EBE06F /* InteropTests.m */ = {isa = PBXFileReference; fileEncoding = 4; lastKnownFileType = sourcecode.c.objc; path = InteropTests.m; sourceTree = SOURCE_ROOT; };
		63BBDB9A1CDD5DB000EBE06F /* InteropTestsLocalCleartext.m */ = {isa = PBXFileReference; fileEncoding = 4; lastKnownFileType = sourcecode.c.objc; path = InteropTestsLocalCleartext.m; sourceTree = SOURCE_ROOT; };
		63BBDB9B1CDD5DB000EBE06F /* InteropTestsLocalSSL.m */ = {isa = PBXFileReference; fileEncoding = 4; lastKnownFileType = sourcecode.c.objc; path = InteropTestsLocalSSL.m; sourceTree = SOURCE_ROOT; };
		63BBDB9C1CDD5DB000EBE06F /* InteropTestsRemote.m */ = {isa = PBXFileReference; fileEncoding = 4; lastKnownFileType = sourcecode.c.objc; path = InteropTestsRemote.m; sourceTree = SOURCE_ROOT; };
		63BBDB9D1CDD5DB000EBE06F /* RxLibraryUnitTests.m */ = {isa = PBXFileReference; fileEncoding = 4; lastKnownFileType = sourcecode.c.objc; path = RxLibraryUnitTests.m; sourceTree = SOURCE_ROOT; };
		63BBDBA31CDD5DF400EBE06F /* TestCertificates.bundle */ = {isa = PBXFileReference; lastKnownFileType = "wrapper.plug-in"; path = TestCertificates.bundle; sourceTree = SOURCE_ROOT; };
/* End PBXFileReference section */

/* Begin PBXFrameworksBuildPhase section */
		6384CE701CDC6676009D88DB /* Frameworks */ = {
			isa = PBXFrameworksBuildPhase;
			buildActionMask = 2147483647;
			files = (
			);
			runOnlyForDeploymentPostprocessing = 0;
		};
		6384CE891CDC6676009D88DB /* Frameworks */ = {
			isa = PBXFrameworksBuildPhase;
			buildActionMask = 2147483647;
			files = (
			);
			runOnlyForDeploymentPostprocessing = 0;
		};
/* End PBXFrameworksBuildPhase section */

/* Begin PBXGroup section */
		6384CE6A1CDC6675009D88DB = {
			isa = PBXGroup;
			children = (
				6384CE8F1CDC6676009D88DB /* Tests */,
				6384CE751CDC6676009D88DB /* App */,
				6384CE741CDC6676009D88DB /* Products */,
			);
			sourceTree = "<group>";
		};
		6384CE741CDC6676009D88DB /* Products */ = {
			isa = PBXGroup;
			children = (
				6384CE731CDC6676009D88DB /* App.app */,
				6384CE8C1CDC6676009D88DB /* AllTests.xctest */,
				639CF5FB1CDD735400E64122 /* SelfContainedTests.xctest */,
			);
			name = Products;
			sourceTree = "<group>";
		};
		6384CE751CDC6676009D88DB /* App */ = {
			isa = PBXGroup;
			children = (
				6384CE7F1CDC6676009D88DB /* Main.storyboard */,
				6384CE821CDC6676009D88DB /* Assets.xcassets */,
				6384CE871CDC6676009D88DB /* AppInfo.plist */,
				6384CE771CDC6676009D88DB /* main.m */,
			);
			path = App;
			sourceTree = SOURCE_ROOT;
		};
		6384CE8F1CDC6676009D88DB /* Tests */ = {
			isa = PBXGroup;
			children = (
				63BBDB961CDD5D3600EBE06F /* GRPCClientTests.m */,
				63BBDB981CDD5DB000EBE06F /* InteropTests.h */,
				63BBDB991CDD5DB000EBE06F /* InteropTests.m */,
				63BBDB9A1CDD5DB000EBE06F /* InteropTestsLocalCleartext.m */,
				63BBDB9B1CDD5DB000EBE06F /* InteropTestsLocalSSL.m */,
				63BBDB9C1CDD5DB000EBE06F /* InteropTestsRemote.m */,
				63BBDB9D1CDD5DB000EBE06F /* RxLibraryUnitTests.m */,
				63BBDBA31CDD5DF400EBE06F /* TestCertificates.bundle */,
				6384CE921CDC6676009D88DB /* TestsInfo.plist */,
			);
			name = Tests;
			path = Tests/TestsTests;
			sourceTree = SOURCE_ROOT;
		};
/* End PBXGroup section */

/* Begin PBXNativeTarget section */
		6384CE721CDC6676009D88DB /* App */ = {
			isa = PBXNativeTarget;
			buildConfigurationList = 6384CE951CDC6676009D88DB /* Build configuration list for PBXNativeTarget "App" */;
			buildPhases = (
				6384CE6F1CDC6676009D88DB /* Sources */,
				6384CE701CDC6676009D88DB /* Frameworks */,
				6384CE711CDC6676009D88DB /* Resources */,
			);
			buildRules = (
			);
			dependencies = (
			);
			name = App;
			productName = Tests;
			productReference = 6384CE731CDC6676009D88DB /* App.app */;
			productType = "com.apple.product-type.application";
		};
		6384CE8B1CDC6676009D88DB /* AllTests */ = {
			isa = PBXNativeTarget;
			buildConfigurationList = 6384CE981CDC6676009D88DB /* Build configuration list for PBXNativeTarget "AllTests" */;
			buildPhases = (
				6384CE881CDC6676009D88DB /* Sources */,
				6384CE891CDC6676009D88DB /* Frameworks */,
				6384CE8A1CDC6676009D88DB /* Resources */,
			);
			buildRules = (
			);
			dependencies = (
				6384CE8E1CDC6676009D88DB /* PBXTargetDependency */,
			);
			name = AllTests;
			productName = TestsTests;
			productReference = 6384CE8C1CDC6676009D88DB /* AllTests.xctest */;
			productType = "com.apple.product-type.bundle.unit-test";
		};
		639CF5FA1CDD735400E64122 /* SelfContainedTests */ = {
			isa = PBXNativeTarget;
			buildConfigurationList = 639CF6021CDD735400E64122 /* Build configuration list for PBXNativeTarget "SelfContainedTests" */;
			buildPhases = (
				639CF5F71CDD735400E64122 /* Sources */,
				639CF5F81CDD735400E64122 /* Frameworks */,
				639CF5F91CDD735400E64122 /* Resources */,
			);
			buildRules = (
			);
			dependencies = (
				639CF6011CDD735400E64122 /* PBXTargetDependency */,
			);
			name = SelfContainedTests;
			productName = SelfContainedTests;
			productReference = 639CF5FB1CDD735400E64122 /* SelfContainedTests.xctest */;
			productType = "com.apple.product-type.bundle.unit-test";
		};
/* End PBXNativeTarget section */

/* Begin PBXProject section */
		6384CE6B1CDC6675009D88DB /* Project object */ = {
			isa = PBXProject;
			attributes = {
				LastUpgradeCheck = 0720;
				ORGANIZATIONNAME = gRPC;
				TargetAttributes = {
					6384CE721CDC6676009D88DB = {
						CreatedOnToolsVersion = 7.2.1;
					};
					6384CE8B1CDC6676009D88DB = {
						CreatedOnToolsVersion = 7.2.1;
						TestTargetID = 6384CE721CDC6676009D88DB;
					};
					639CF5FA1CDD735400E64122 = {
						CreatedOnToolsVersion = 7.3.1;
						TestTargetID = 6384CE721CDC6676009D88DB;
					};
				};
			};
			buildConfigurationList = 6384CE6E1CDC6675009D88DB /* Build configuration list for PBXProject "Tests" */;
			compatibilityVersion = "Xcode 3.2";
			developmentRegion = English;
			hasScannedForEncodings = 0;
			knownRegions = (
				en,
				Base,
			);
			mainGroup = 6384CE6A1CDC6675009D88DB;
			productRefGroup = 6384CE741CDC6676009D88DB /* Products */;
			projectDirPath = "";
			projectRoot = "";
			targets = (
				6384CE721CDC6676009D88DB /* App */,
				6384CE8B1CDC6676009D88DB /* AllTests */,
				639CF5FA1CDD735400E64122 /* SelfContainedTests */,
			);
		};
/* End PBXProject section */

/* Begin PBXResourcesBuildPhase section */
		6384CE711CDC6676009D88DB /* Resources */ = {
			isa = PBXResourcesBuildPhase;
			buildActionMask = 2147483647;
			files = (
				6384CE831CDC6676009D88DB /* Assets.xcassets in Resources */,
				6384CE811CDC6676009D88DB /* Main.storyboard in Resources */,
			);
			runOnlyForDeploymentPostprocessing = 0;
		};
		6384CE8A1CDC6676009D88DB /* Resources */ = {
			isa = PBXResourcesBuildPhase;
			buildActionMask = 2147483647;
			files = (
				63BBDBA41CDD5DF400EBE06F /* TestCertificates.bundle in Resources */,
			);
			runOnlyForDeploymentPostprocessing = 0;
		};
		639CF5F91CDD735400E64122 /* Resources */ = {
			isa = PBXResourcesBuildPhase;
			buildActionMask = 2147483647;
			files = (
				639CF6081CDD73C800E64122 /* TestCertificates.bundle in Resources */,
			);
			runOnlyForDeploymentPostprocessing = 0;
		};
/* End PBXResourcesBuildPhase section */

/* Begin PBXSourcesBuildPhase section */
		6384CE6F1CDC6676009D88DB /* Sources */ = {
			isa = PBXSourcesBuildPhase;
			buildActionMask = 2147483647;
			files = (
				6384CE781CDC6676009D88DB /* main.m in Sources */,
			);
			runOnlyForDeploymentPostprocessing = 0;
		};
		6384CE881CDC6676009D88DB /* Sources */ = {
			isa = PBXSourcesBuildPhase;
			buildActionMask = 2147483647;
			files = (
				63BBDBA11CDD5DB000EBE06F /* InteropTestsRemote.m in Sources */,
				63BBDB9F1CDD5DB000EBE06F /* InteropTestsLocalCleartext.m in Sources */,
				63BBDB971CDD5D3600EBE06F /* GRPCClientTests.m in Sources */,
				63BBDBA01CDD5DB000EBE06F /* InteropTestsLocalSSL.m in Sources */,
				63BBDB9E1CDD5DB000EBE06F /* InteropTests.m in Sources */,
				63BBDBA21CDD5DB000EBE06F /* RxLibraryUnitTests.m in Sources */,
			);
			runOnlyForDeploymentPostprocessing = 0;
		};
		639CF5F71CDD735400E64122 /* Sources */ = {
			isa = PBXSourcesBuildPhase;
			buildActionMask = 2147483647;
			files = (
				639CF6051CDD73B900E64122 /* InteropTests.m in Sources */,
				639CF6061CDD73C000E64122 /* InteropTestsRemote.m in Sources */,
				639CF6071CDD73C400E64122 /* RxLibraryUnitTests.m in Sources */,
			);
			runOnlyForDeploymentPostprocessing = 0;
		};
/* End PBXSourcesBuildPhase section */

/* Begin PBXTargetDependency section */
		6384CE8E1CDC6676009D88DB /* PBXTargetDependency */ = {
			isa = PBXTargetDependency;
			target = 6384CE721CDC6676009D88DB /* App */;
			targetProxy = 6384CE8D1CDC6676009D88DB /* PBXContainerItemProxy */;
		};
		639CF6011CDD735400E64122 /* PBXTargetDependency */ = {
			isa = PBXTargetDependency;
			target = 6384CE721CDC6676009D88DB /* App */;
			targetProxy = 639CF6001CDD735400E64122 /* PBXContainerItemProxy */;
		};
/* End PBXTargetDependency section */

/* Begin PBXVariantGroup section */
		6384CE7F1CDC6676009D88DB /* Main.storyboard */ = {
			isa = PBXVariantGroup;
			children = (
				6384CE801CDC6676009D88DB /* Base */,
			);
			name = Main.storyboard;
			sourceTree = "<group>";
		};
/* End PBXVariantGroup section */

/* Begin XCBuildConfiguration section */
		6384CE931CDC6676009D88DB /* Debug */ = {
			isa = XCBuildConfiguration;
			buildSettings = {
				ALWAYS_SEARCH_USER_PATHS = NO;
				CLANG_CXX_LANGUAGE_STANDARD = "gnu++0x";
				CLANG_CXX_LIBRARY = "libc++";
				CLANG_ENABLE_MODULES = YES;
				CLANG_ENABLE_OBJC_ARC = YES;
				CLANG_WARN_BOOL_CONVERSION = YES;
				CLANG_WARN_CONSTANT_CONVERSION = YES;
				CLANG_WARN_DIRECT_OBJC_ISA_USAGE = YES_ERROR;
				CLANG_WARN_EMPTY_BODY = YES;
				CLANG_WARN_ENUM_CONVERSION = YES;
				CLANG_WARN_INT_CONVERSION = YES;
				CLANG_WARN_OBJC_ROOT_CLASS = YES_ERROR;
				CLANG_WARN_UNREACHABLE_CODE = YES;
				CLANG_WARN__DUPLICATE_METHOD_MATCH = YES;
				"CODE_SIGN_IDENTITY[sdk=iphoneos*]" = "iPhone Developer";
				COPY_PHASE_STRIP = NO;
				DEBUG_INFORMATION_FORMAT = dwarf;
				ENABLE_STRICT_OBJC_MSGSEND = YES;
				ENABLE_TESTABILITY = YES;
				GCC_C_LANGUAGE_STANDARD = gnu99;
				GCC_DYNAMIC_NO_PIC = NO;
				GCC_NO_COMMON_BLOCKS = YES;
				GCC_OPTIMIZATION_LEVEL = 0;
				GCC_PREPROCESSOR_DEFINITIONS = (
					"DEBUG=1",
					"$(inherited)",
				);
				GCC_WARN_64_TO_32_BIT_CONVERSION = YES;
				GCC_WARN_ABOUT_RETURN_TYPE = YES_ERROR;
				GCC_WARN_UNDECLARED_SELECTOR = YES;
				GCC_WARN_UNINITIALIZED_AUTOS = YES_AGGRESSIVE;
				GCC_WARN_UNUSED_FUNCTION = YES;
				GCC_WARN_UNUSED_VARIABLE = YES;
				IPHONEOS_DEPLOYMENT_TARGET = 9.2;
				MTL_ENABLE_DEBUG_INFO = YES;
				ONLY_ACTIVE_ARCH = YES;
				SDKROOT = iphoneos;
				TARGETED_DEVICE_FAMILY = "1,2";
			};
			name = Debug;
		};
		6384CE941CDC6676009D88DB /* Release */ = {
			isa = XCBuildConfiguration;
			buildSettings = {
				ALWAYS_SEARCH_USER_PATHS = NO;
				CLANG_CXX_LANGUAGE_STANDARD = "gnu++0x";
				CLANG_CXX_LIBRARY = "libc++";
				CLANG_ENABLE_MODULES = YES;
				CLANG_ENABLE_OBJC_ARC = YES;
				CLANG_WARN_BOOL_CONVERSION = YES;
				CLANG_WARN_CONSTANT_CONVERSION = YES;
				CLANG_WARN_DIRECT_OBJC_ISA_USAGE = YES_ERROR;
				CLANG_WARN_EMPTY_BODY = YES;
				CLANG_WARN_ENUM_CONVERSION = YES;
				CLANG_WARN_INT_CONVERSION = YES;
				CLANG_WARN_OBJC_ROOT_CLASS = YES_ERROR;
				CLANG_WARN_UNREACHABLE_CODE = YES;
				CLANG_WARN__DUPLICATE_METHOD_MATCH = YES;
				"CODE_SIGN_IDENTITY[sdk=iphoneos*]" = "iPhone Developer";
				COPY_PHASE_STRIP = NO;
				DEBUG_INFORMATION_FORMAT = "dwarf-with-dsym";
				ENABLE_NS_ASSERTIONS = NO;
				ENABLE_STRICT_OBJC_MSGSEND = YES;
				GCC_C_LANGUAGE_STANDARD = gnu99;
				GCC_NO_COMMON_BLOCKS = YES;
				GCC_WARN_64_TO_32_BIT_CONVERSION = YES;
				GCC_WARN_ABOUT_RETURN_TYPE = YES_ERROR;
				GCC_WARN_UNDECLARED_SELECTOR = YES;
				GCC_WARN_UNINITIALIZED_AUTOS = YES_AGGRESSIVE;
				GCC_WARN_UNUSED_FUNCTION = YES;
				GCC_WARN_UNUSED_VARIABLE = YES;
				IPHONEOS_DEPLOYMENT_TARGET = 9.2;
				MTL_ENABLE_DEBUG_INFO = NO;
				SDKROOT = iphoneos;
				TARGETED_DEVICE_FAMILY = "1,2";
				VALIDATE_PRODUCT = YES;
			};
			name = Release;
		};
		6384CE961CDC6676009D88DB /* Debug */ = {
			isa = XCBuildConfiguration;
			buildSettings = {
				ASSETCATALOG_COMPILER_APPICON_NAME = AppIcon;
				CODE_SIGN_IDENTITY = "iPhone Developer";
				INFOPLIST_FILE = App/AppInfo.plist;
				LD_RUNPATH_SEARCH_PATHS = "$(inherited) @executable_path/Frameworks";
				PRODUCT_BUNDLE_IDENTIFIER = io.grpc.Tests;
				PRODUCT_NAME = "$(TARGET_NAME)";
			};
			name = Debug;
		};
		6384CE971CDC6676009D88DB /* Release */ = {
			isa = XCBuildConfiguration;
			buildSettings = {
				ASSETCATALOG_COMPILER_APPICON_NAME = AppIcon;
				CODE_SIGN_IDENTITY = "iPhone Developer";
				INFOPLIST_FILE = App/AppInfo.plist;
				LD_RUNPATH_SEARCH_PATHS = "$(inherited) @executable_path/Frameworks";
				PRODUCT_BUNDLE_IDENTIFIER = io.grpc.Tests;
				PRODUCT_NAME = "$(TARGET_NAME)";
			};
			name = Release;
		};
		6384CE991CDC6676009D88DB /* Debug */ = {
			isa = XCBuildConfiguration;
			buildSettings = {
				BUNDLE_LOADER = "$(TEST_HOST)";
				INFOPLIST_FILE = Tests/TestsInfo.plist;
				LD_RUNPATH_SEARCH_PATHS = "$(inherited) @executable_path/Frameworks @loader_path/Frameworks";
				PRODUCT_BUNDLE_IDENTIFIER = io.grpc.TestsTests;
				PRODUCT_NAME = "$(TARGET_NAME)";
				TEST_HOST = "$(BUILT_PRODUCTS_DIR)/App.app/App";
			};
			name = Debug;
		};
		6384CE9A1CDC6676009D88DB /* Release */ = {
			isa = XCBuildConfiguration;
			buildSettings = {
				BUNDLE_LOADER = "$(TEST_HOST)";
				INFOPLIST_FILE = Tests/TestsInfo.plist;
				LD_RUNPATH_SEARCH_PATHS = "$(inherited) @executable_path/Frameworks @loader_path/Frameworks";
				PRODUCT_BUNDLE_IDENTIFIER = io.grpc.TestsTests;
				PRODUCT_NAME = "$(TARGET_NAME)";
				TEST_HOST = "$(BUILT_PRODUCTS_DIR)/App.app/App";
			};
			name = Release;
		};
		639CF6031CDD735400E64122 /* Debug */ = {
			isa = XCBuildConfiguration;
			buildSettings = {
				BUNDLE_LOADER = "$(TEST_HOST)";
				CLANG_ANALYZER_NONNULL = YES;
				INFOPLIST_FILE = Tests/TestsInfo.plist;
				IPHONEOS_DEPLOYMENT_TARGET = 9.3;
				LD_RUNPATH_SEARCH_PATHS = "$(inherited) @executable_path/Frameworks @loader_path/Frameworks";
				PRODUCT_BUNDLE_IDENTIFIER = io.grpc.SelfContainedTests;
				PRODUCT_NAME = "$(TARGET_NAME)";
				TEST_HOST = "$(BUILT_PRODUCTS_DIR)/App.app/App";
			};
			name = Debug;
		};
		639CF6041CDD735400E64122 /* Release */ = {
			isa = XCBuildConfiguration;
			buildSettings = {
				BUNDLE_LOADER = "$(TEST_HOST)";
				CLANG_ANALYZER_NONNULL = YES;
				INFOPLIST_FILE = Tests/TestsInfo.plist;
				IPHONEOS_DEPLOYMENT_TARGET = 9.3;
				LD_RUNPATH_SEARCH_PATHS = "$(inherited) @executable_path/Frameworks @loader_path/Frameworks";
				PRODUCT_BUNDLE_IDENTIFIER = io.grpc.SelfContainedTests;
				PRODUCT_NAME = "$(TARGET_NAME)";
				TEST_HOST = "$(BUILT_PRODUCTS_DIR)/App.app/App";
			};
			name = Release;
		};
/* End XCBuildConfiguration section */

/* Begin XCConfigurationList section */
		6384CE6E1CDC6675009D88DB /* Build configuration list for PBXProject "Tests" */ = {
			isa = XCConfigurationList;
			buildConfigurations = (
				6384CE931CDC6676009D88DB /* Debug */,
				6384CE941CDC6676009D88DB /* Release */,
			);
			defaultConfigurationIsVisible = 0;
			defaultConfigurationName = Release;
		};
		6384CE951CDC6676009D88DB /* Build configuration list for PBXNativeTarget "App" */ = {
			isa = XCConfigurationList;
			buildConfigurations = (
				6384CE961CDC6676009D88DB /* Debug */,
				6384CE971CDC6676009D88DB /* Release */,
			);
			defaultConfigurationIsVisible = 0;
			defaultConfigurationName = Release;
		};
		6384CE981CDC6676009D88DB /* Build configuration list for PBXNativeTarget "AllTests" */ = {
			isa = XCConfigurationList;
			buildConfigurations = (
				6384CE991CDC6676009D88DB /* Debug */,
				6384CE9A1CDC6676009D88DB /* Release */,
			);
			defaultConfigurationIsVisible = 0;
			defaultConfigurationName = Release;
		};
		639CF6021CDD735400E64122 /* Build configuration list for PBXNativeTarget "SelfContainedTests" */ = {
			isa = XCConfigurationList;
			buildConfigurations = (
				639CF6031CDD735400E64122 /* Debug */,
				639CF6041CDD735400E64122 /* Release */,
			);
			defaultConfigurationIsVisible = 0;
		};
/* End XCConfigurationList section */
	};
	rootObject = 6384CE6B1CDC6675009D88DB /* Project object */;
}
