// !$*UTF8*$!
{
	archiveVersion = 1;
	classes = {
	};
	objectVersion = 46;
	objects = {

/* Begin PBXBuildFile section */
		63D279231C079B5700CA1663 /* AppDelegate.swift in Sources */ = {isa = PBXBuildFile; fileRef = 63D279221C079B5700CA1663 /* AppDelegate.swift */; };
		63D279281C079B5700CA1663 /* Main.storyboard in Resources */ = {isa = PBXBuildFile; fileRef = 63D279261C079B5700CA1663 /* Main.storyboard */; };
		63D2792A1C079B5700CA1663 /* Assets.xcassets in Resources */ = {isa = PBXBuildFile; fileRef = 63D279291C079B5700CA1663 /* Assets.xcassets */; };
		7CC72EF061F46D0A9645C128 /* libPods.a in Frameworks */ = {isa = PBXBuildFile; fileRef = 6351CC744DDDC2FC4ECFBDD8 /* libPods.a */; };
/* End PBXBuildFile section */

/* Begin PBXFileReference section */
		2F1EB9FE1B1EE70135FA6E39 /* Pods.debug.xcconfig */ = {isa = PBXFileReference; includeInIndex = 1; lastKnownFileType = text.xcconfig; name = Pods.debug.xcconfig; path = "Pods/Target Support Files/Pods/Pods.debug.xcconfig"; sourceTree = "<group>"; };
		6351CC744DDDC2FC4ECFBDD8 /* libPods.a */ = {isa = PBXFileReference; explicitFileType = archive.ar; includeInIndex = 0; path = libPods.a; sourceTree = BUILT_PRODUCTS_DIR; };
		63D2791F1C079B5700CA1663 /* Swift-StaticLibrary.app */ = {isa = PBXFileReference; explicitFileType = wrapper.application; includeInIndex = 0; path = "Swift-StaticLibrary.app"; sourceTree = BUILT_PRODUCTS_DIR; };
		63D279221C079B5700CA1663 /* AppDelegate.swift */ = {isa = PBXFileReference; lastKnownFileType = sourcecode.swift; path = AppDelegate.swift; sourceTree = "<group>"; };
		63D279271C079B5700CA1663 /* Base */ = {isa = PBXFileReference; lastKnownFileType = file.storyboard; name = Base; path = Base.lproj/Main.storyboard; sourceTree = "<group>"; };
		63D279291C079B5700CA1663 /* Assets.xcassets */ = {isa = PBXFileReference; lastKnownFileType = folder.assetcatalog; path = Assets.xcassets; sourceTree = "<group>"; };
		63D2792E1C079B5700CA1663 /* Info.plist */ = {isa = PBXFileReference; lastKnownFileType = text.plist.xml; path = Info.plist; sourceTree = "<group>"; };
		63D279341C079CF900CA1663 /* BridgingHeader.h */ = {isa = PBXFileReference; fileEncoding = 4; lastKnownFileType = sourcecode.c.h; path = BridgingHeader.h; sourceTree = "<group>"; };
		A2A1A859B15AC7E093AD15E9 /* Pods.release.xcconfig */ = {isa = PBXFileReference; includeInIndex = 1; lastKnownFileType = text.xcconfig; name = Pods.release.xcconfig; path = "Pods/Target Support Files/Pods/Pods.release.xcconfig"; sourceTree = "<group>"; };
/* End PBXFileReference section */

/* Begin PBXFrameworksBuildPhase section */
		63D2791C1C079B5700CA1663 /* Frameworks */ = {
			isa = PBXFrameworksBuildPhase;
			buildActionMask = 2147483647;
			files = (
				7CC72EF061F46D0A9645C128 /* libPods.a in Frameworks */,
			);
			runOnlyForDeploymentPostprocessing = 0;
		};
/* End PBXFrameworksBuildPhase section */

/* Begin PBXGroup section */
		4BD41CCAD94A08EA2B25B94F /* Frameworks */ = {
			isa = PBXGroup;
			children = (
				6351CC744DDDC2FC4ECFBDD8 /* libPods.a */,
			);
			name = Frameworks;
			sourceTree = "<group>";
		};
		63D279161C079B5700CA1663 = {
			isa = PBXGroup;
			children = (
				63D279211C079B5700CA1663 /* Swift-StaticLibrary */,
				63D279201C079B5700CA1663 /* Products */,
				B6E393B10BEA9162197EC2FC /* Pods */,
				4BD41CCAD94A08EA2B25B94F /* Frameworks */,
			);
			sourceTree = "<group>";
		};
		63D279201C079B5700CA1663 /* Products */ = {
			isa = PBXGroup;
			children = (
				63D2791F1C079B5700CA1663 /* Swift-StaticLibrary.app */,
			);
			name = Products;
			sourceTree = "<group>";
		};
		63D279211C079B5700CA1663 /* Swift-StaticLibrary */ = {
			isa = PBXGroup;
			children = (
				63D279221C079B5700CA1663 /* AppDelegate.swift */,
				63D279261C079B5700CA1663 /* Main.storyboard */,
				63D279291C079B5700CA1663 /* Assets.xcassets */,
				63D2792E1C079B5700CA1663 /* Info.plist */,
				63D279341C079CF900CA1663 /* BridgingHeader.h */,
			);
			path = "Swift-StaticLibrary";
			sourceTree = "<group>";
		};
		B6E393B10BEA9162197EC2FC /* Pods */ = {
			isa = PBXGroup;
			children = (
				2F1EB9FE1B1EE70135FA6E39 /* Pods.debug.xcconfig */,
				A2A1A859B15AC7E093AD15E9 /* Pods.release.xcconfig */,
			);
			name = Pods;
			sourceTree = "<group>";
		};
/* End PBXGroup section */

/* Begin PBXNativeTarget section */
		63D2791E1C079B5700CA1663 /* Swift-StaticLibrary */ = {
			isa = PBXNativeTarget;
			buildConfigurationList = 63D279311C079B5700CA1663 /* Build configuration list for PBXNativeTarget "Swift-StaticLibrary" */;
			buildPhases = (
				D73A58DDA58D85A460A644B5 /* Check Pods Manifest.lock */,
				63D2791B1C079B5700CA1663 /* Sources */,
				63D2791C1C079B5700CA1663 /* Frameworks */,
				63D2791D1C079B5700CA1663 /* Resources */,
				287864A67E92A78EB37F59F9 /* Embed Pods Frameworks */,
				6EBE9B23A4B8A1C6ECA598EB /* Copy Pods Resources */,
			);
			buildRules = (
			);
			dependencies = (
			);
			name = "Swift-StaticLibrary";
			productName = "Swift-StaticLibrary";
			productReference = 63D2791F1C079B5700CA1663 /* Swift-StaticLibrary.app */;
			productType = "com.apple.product-type.application";
		};
/* End PBXNativeTarget section */

/* Begin PBXProject section */
		63D279171C079B5700CA1663 /* Project object */ = {
			isa = PBXProject;
			attributes = {
				LastSwiftUpdateCheck = 0710;
				LastUpgradeCheck = 0710;
				ORGANIZATIONNAME = gRPC;
				TargetAttributes = {
					63D2791E1C079B5700CA1663 = {
						CreatedOnToolsVersion = 7.1;
					};
				};
			};
			buildConfigurationList = 63D2791A1C079B5700CA1663 /* Build configuration list for PBXProject "Swift-StaticLibrary" */;
			compatibilityVersion = "Xcode 3.2";
			developmentRegion = English;
			hasScannedForEncodings = 0;
			knownRegions = (
				en,
				Base,
			);
			mainGroup = 63D279161C079B5700CA1663;
			productRefGroup = 63D279201C079B5700CA1663 /* Products */;
			projectDirPath = "";
			projectRoot = "";
			targets = (
				63D2791E1C079B5700CA1663 /* Swift-StaticLibrary */,
			);
		};
/* End PBXProject section */

/* Begin PBXResourcesBuildPhase section */
		63D2791D1C079B5700CA1663 /* Resources */ = {
			isa = PBXResourcesBuildPhase;
			buildActionMask = 2147483647;
			files = (
				63D2792A1C079B5700CA1663 /* Assets.xcassets in Resources */,
				63D279281C079B5700CA1663 /* Main.storyboard in Resources */,
			);
			runOnlyForDeploymentPostprocessing = 0;
		};
/* End PBXResourcesBuildPhase section */

/* Begin PBXShellScriptBuildPhase section */
		287864A67E92A78EB37F59F9 /* Embed Pods Frameworks */ = {
			isa = PBXShellScriptBuildPhase;
			buildActionMask = 2147483647;
			files = (
			);
			inputPaths = (
			);
			name = "Embed Pods Frameworks";
			outputPaths = (
			);
			runOnlyForDeploymentPostprocessing = 0;
			shellPath = /bin/sh;
			shellScript = "\"${SRCROOT}/Pods/Target Support Files/Pods/Pods-frameworks.sh\"\n";
			showEnvVarsInLog = 0;
		};
		6EBE9B23A4B8A1C6ECA598EB /* Copy Pods Resources */ = {
			isa = PBXShellScriptBuildPhase;
			buildActionMask = 2147483647;
			files = (
			);
			inputPaths = (
			);
			name = "Copy Pods Resources";
			outputPaths = (
			);
			runOnlyForDeploymentPostprocessing = 0;
			shellPath = /bin/sh;
			shellScript = "\"${SRCROOT}/Pods/Target Support Files/Pods/Pods-resources.sh\"\n";
			showEnvVarsInLog = 0;
		};
		D73A58DDA58D85A460A644B5 /* Check Pods Manifest.lock */ = {
			isa = PBXShellScriptBuildPhase;
			buildActionMask = 2147483647;
			files = (
			);
			inputPaths = (
			);
			name = "Check Pods Manifest.lock";
			outputPaths = (
			);
			runOnlyForDeploymentPostprocessing = 0;
			shellPath = /bin/sh;
			shellScript = "diff \"${PODS_ROOT}/../Podfile.lock\" \"${PODS_ROOT}/Manifest.lock\" > /dev/null\nif [[ $? != 0 ]] ; then\n    cat << EOM\nerror: The sandbox is not in sync with the Podfile.lock. Run 'pod install' or update your CocoaPods installation.\nEOM\n    exit 1\nfi\n";
			showEnvVarsInLog = 0;
		};
/* End PBXShellScriptBuildPhase section */

/* Begin PBXSourcesBuildPhase section */
		63D2791B1C079B5700CA1663 /* Sources */ = {
			isa = PBXSourcesBuildPhase;
			buildActionMask = 2147483647;
			files = (
				63D279231C079B5700CA1663 /* AppDelegate.swift in Sources */,
			);
			runOnlyForDeploymentPostprocessing = 0;
		};
/* End PBXSourcesBuildPhase section */

/* Begin PBXVariantGroup section */
		63D279261C079B5700CA1663 /* Main.storyboard */ = {
			isa = PBXVariantGroup;
			children = (
				63D279271C079B5700CA1663 /* Base */,
			);
			name = Main.storyboard;
			sourceTree = "<group>";
		};
/* End PBXVariantGroup section */

/* Begin XCBuildConfiguration section */
		63D2792F1C079B5700CA1663 /* Debug */ = {
			isa = XCBuildConfiguration;
			buildSettings = {
				ALWAYS_SEARCH_USER_PATHS = NO;
				CLANG_CXX_LANGUAGE_STANDARD = "gnu++0x";
				CLANG_CXX_LIBRARY = "libc++";
				CLANG_ENABLE_MODULES = YES;
				CLANG_ENABLE_OBJC_ARC = YES;
				CLANG_WARN_BOOL_CONVERSION = YES;
				CLANG_WARN_CONSTANT_CONVERSION = YES;
				CLANG_WARN_DIRECT_OBJC_ISA_USAGE = YES_ERROR;
				CLANG_WARN_EMPTY_BODY = YES;
				CLANG_WARN_ENUM_CONVERSION = YES;
				CLANG_WARN_INT_CONVERSION = YES;
				CLANG_WARN_OBJC_ROOT_CLASS = YES_ERROR;
				CLANG_WARN_UNREACHABLE_CODE = YES;
				CLANG_WARN__DUPLICATE_METHOD_MATCH = YES;
				"CODE_SIGN_IDENTITY[sdk=iphoneos*]" = "iPhone Developer";
				COPY_PHASE_STRIP = NO;
				DEBUG_INFORMATION_FORMAT = dwarf;
				ENABLE_STRICT_OBJC_MSGSEND = YES;
				ENABLE_TESTABILITY = YES;
				GCC_C_LANGUAGE_STANDARD = gnu99;
				GCC_DYNAMIC_NO_PIC = NO;
				GCC_NO_COMMON_BLOCKS = YES;
				GCC_OPTIMIZATION_LEVEL = 0;
				GCC_PREPROCESSOR_DEFINITIONS = (
					"DEBUG=1",
					"$(inherited)",
				);
				GCC_WARN_64_TO_32_BIT_CONVERSION = YES;
				GCC_WARN_ABOUT_RETURN_TYPE = YES_ERROR;
				GCC_WARN_UNDECLARED_SELECTOR = YES;
				GCC_WARN_UNINITIALIZED_AUTOS = YES_AGGRESSIVE;
				GCC_WARN_UNUSED_FUNCTION = YES;
				GCC_WARN_UNUSED_VARIABLE = YES;
				IPHONEOS_DEPLOYMENT_TARGET = 9.1;
				MTL_ENABLE_DEBUG_INFO = YES;
				ONLY_ACTIVE_ARCH = YES;
				SDKROOT = iphoneos;
				SWIFT_OPTIMIZATION_LEVEL = "-Onone";
				TARGETED_DEVICE_FAMILY = "1,2";
			};
			name = Debug;
		};
		63D279301C079B5700CA1663 /* Release */ = {
			isa = XCBuildConfiguration;
			buildSettings = {
				ALWAYS_SEARCH_USER_PATHS = NO;
				CLANG_CXX_LANGUAGE_STANDARD = "gnu++0x";
				CLANG_CXX_LIBRARY = "libc++";
				CLANG_ENABLE_MODULES = YES;
				CLANG_ENABLE_OBJC_ARC = YES;
				CLANG_WARN_BOOL_CONVERSION = YES;
				CLANG_WARN_CONSTANT_CONVERSION = YES;
				CLANG_WARN_DIRECT_OBJC_ISA_USAGE = YES_ERROR;
				CLANG_WARN_EMPTY_BODY = YES;
				CLANG_WARN_ENUM_CONVERSION = YES;
				CLANG_WARN_INT_CONVERSION = YES;
				CLANG_WARN_OBJC_ROOT_CLASS = YES_ERROR;
				CLANG_WARN_UNREACHABLE_CODE = YES;
				CLANG_WARN__DUPLICATE_METHOD_MATCH = YES;
				"CODE_SIGN_IDENTITY[sdk=iphoneos*]" = "iPhone Developer";
				COPY_PHASE_STRIP = NO;
				DEBUG_INFORMATION_FORMAT = "dwarf-with-dsym";
				ENABLE_NS_ASSERTIONS = NO;
				ENABLE_STRICT_OBJC_MSGSEND = YES;
				GCC_C_LANGUAGE_STANDARD = gnu99;
				GCC_NO_COMMON_BLOCKS = YES;
				GCC_WARN_64_TO_32_BIT_CONVERSION = YES;
				GCC_WARN_ABOUT_RETURN_TYPE = YES_ERROR;
				GCC_WARN_UNDECLARED_SELECTOR = YES;
				GCC_WARN_UNINITIALIZED_AUTOS = YES_AGGRESSIVE;
				GCC_WARN_UNUSED_FUNCTION = YES;
				GCC_WARN_UNUSED_VARIABLE = YES;
				IPHONEOS_DEPLOYMENT_TARGET = 9.1;
				MTL_ENABLE_DEBUG_INFO = NO;
				SDKROOT = iphoneos;
				TARGETED_DEVICE_FAMILY = "1,2";
				VALIDATE_PRODUCT = YES;
			};
			name = Release;
		};
		63D279321C079B5700CA1663 /* Debug */ = {
			isa = XCBuildConfiguration;
			baseConfigurationReference = 2F1EB9FE1B1EE70135FA6E39 /* Pods.debug.xcconfig */;
			buildSettings = {
				ASSETCATALOG_COMPILER_APPICON_NAME = AppIcon;
				INFOPLIST_FILE = "Swift-StaticLibrary/Info.plist";
				LD_RUNPATH_SEARCH_PATHS = "$(inherited) @executable_path/Frameworks";
				PRODUCT_BUNDLE_IDENTIFIER = "io.grpc.Swift-StaticLibrary";
				PRODUCT_NAME = "$(TARGET_NAME)";
				SWIFT_OBJC_BRIDGING_HEADER = "Swift-StaticLibrary/BridgingHeader.h";
			};
			name = Debug;
		};
		63D279331C079B5700CA1663 /* Release */ = {
			isa = XCBuildConfiguration;
			baseConfigurationReference = A2A1A859B15AC7E093AD15E9 /* Pods.release.xcconfig */;
			buildSettings = {
				ASSETCATALOG_COMPILER_APPICON_NAME = AppIcon;
				INFOPLIST_FILE = "Swift-StaticLibrary/Info.plist";
				LD_RUNPATH_SEARCH_PATHS = "$(inherited) @executable_path/Frameworks";
				PRODUCT_BUNDLE_IDENTIFIER = "io.grpc.Swift-StaticLibrary";
				PRODUCT_NAME = "$(TARGET_NAME)";
				SWIFT_OBJC_BRIDGING_HEADER = "Swift-StaticLibrary/BridgingHeader.h";
			};
			name = Release;
		};
/* End XCBuildConfiguration section */

/* Begin XCConfigurationList section */
		63D2791A1C079B5700CA1663 /* Build configuration list for PBXProject "Swift-StaticLibrary" */ = {
			isa = XCConfigurationList;
			buildConfigurations = (
				63D2792F1C079B5700CA1663 /* Debug */,
				63D279301C079B5700CA1663 /* Release */,
			);
			defaultConfigurationIsVisible = 0;
			defaultConfigurationName = Release;
		};
		63D279311C079B5700CA1663 /* Build configuration list for PBXNativeTarget "Swift-StaticLibrary" */ = {
			isa = XCConfigurationList;
			buildConfigurations = (
				63D279321C079B5700CA1663 /* Debug */,
				63D279331C079B5700CA1663 /* Release */,
			);
			defaultConfigurationIsVisible = 0;
			defaultConfigurationName = Release;
		};
/* End XCConfigurationList section */
	};
	rootObject = 63D279171C079B5700CA1663 /* Project object */;
}
